
Microsoft Visual Studio Solution File, Format Version 12.00
# Visual Studio Version 17
VisualStudioVersion = 17.2.32505.173
MinimumVisualStudioVersion = 10.0.40219.1
Project("{9A19103F-16F7-4668-BE54-9A1E7A4F7556}") = "5-1", "5-1\5-1.csproj", "{3985D93C-6618-4085-86AF-9FC2AA55783B}"
EndProject
Project("{2150E333-8FDC-42A3-9474-1A3956D46DE8}") = "5-1 Ejercicio", "5-1 Ejercicio", "{84AF06C3-3DF0-4EF8-BD76-014677FF6B6E}"
EndProject
Project("{2150E333-8FDC-42A3-9474-1A3956D46DE8}") = "5-2 Ejercicio", "5-2 Ejercicio", "{07346CBC-CDF8-4B36-9ABA-C5A67BC3DC88}"
EndProject
Project("{9A19103F-16F7-4668-BE54-9A1E7A4F7556}") = "5-2", "5-2\5-2.csproj", "{65AE0DBD-4A1C-4F3D-A475-196C86A26BA3}"
EndProject
Project("{9A19103F-16F7-4668-BE54-9A1E7A4F7556}") = "5-2 Registrate", "5-2 Registrate\5-2 Registrate.csproj", "{B75584C0-58C0-4165-8DAC-9244DB5CDB14}"
EndProject
Project("{2150E333-8FDC-42A3-9474-1A3956D46DE8}") = "5-3 Ejercicio", "5-3 Ejercicio", "{3DB3537A-C212-434D-83C2-E7ECAA11D541}"
EndProject
Project("{9A19103F-16F7-4668-BE54-9A1E7A4F7556}") = "5-3", "5-3\5-3.csproj", "{DA80BA30-F8A2-4223-A038-188DBC46F50F}"
EndProject
Project("{9A19103F-16F7-4668-BE54-9A1E7A4F7556}") = "5-3 Cotizadora", "5-3 Cotizadora\5-3 Cotizadora.csproj", "{65B2E162-BF9E-44CE-AFBF-F322EFB21D20}"
EndProject
Project("{2150E333-8FDC-42A3-9474-1A3956D46DE8}") = "5-5 Ejercicio", "5-5 Ejercicio", "{E3F27296-5916-4B36-9183-A76E5A6378C4}"
EndProject
Project("{FAE04EC0-301F-11D3-BF4B-00C04F79EFBC}") = "5-5", "5-5\5-5.csproj", "{2FEC448D-C22F-44DA-95A7-C11B354F0613}"
EndProject
Project("{FAE04EC0-301F-11D3-BF4B-00C04F79EFBC}") = "5-5 ConversorBinario", "5-5 ConversorBinario\5-5 ConversorBinario.csproj", "{F5E79175-9066-4DD8-BAA8-1F34BD376CF9}"
EndProject
Global
	GlobalSection(SolutionConfigurationPlatforms) = preSolution
		Debug|Any CPU = Debug|Any CPU
		Release|Any CPU = Release|Any CPU
	EndGlobalSection
	GlobalSection(ProjectConfigurationPlatforms) = postSolution
		{3985D93C-6618-4085-86AF-9FC2AA55783B}.Debug|Any CPU.ActiveCfg = Debug|Any CPU
		{3985D93C-6618-4085-86AF-9FC2AA55783B}.Debug|Any CPU.Build.0 = Debug|Any CPU
		{3985D93C-6618-4085-86AF-9FC2AA55783B}.Release|Any CPU.ActiveCfg = Release|Any CPU
		{3985D93C-6618-4085-86AF-9FC2AA55783B}.Release|Any CPU.Build.0 = Release|Any CPU
		{65AE0DBD-4A1C-4F3D-A475-196C86A26BA3}.Debug|Any CPU.ActiveCfg = Debug|Any CPU
		{65AE0DBD-4A1C-4F3D-A475-196C86A26BA3}.Debug|Any CPU.Build.0 = Debug|Any CPU
		{65AE0DBD-4A1C-4F3D-A475-196C86A26BA3}.Release|Any CPU.ActiveCfg = Release|Any CPU
		{65AE0DBD-4A1C-4F3D-A475-196C86A26BA3}.Release|Any CPU.Build.0 = Release|Any CPU
		{B75584C0-58C0-4165-8DAC-9244DB5CDB14}.Debug|Any CPU.ActiveCfg = Debug|Any CPU
		{B75584C0-58C0-4165-8DAC-9244DB5CDB14}.Debug|Any CPU.Build.0 = Debug|Any CPU
		{B75584C0-58C0-4165-8DAC-9244DB5CDB14}.Release|Any CPU.ActiveCfg = Release|Any CPU
		{B75584C0-58C0-4165-8DAC-9244DB5CDB14}.Release|Any CPU.Build.0 = Release|Any CPU
		{DA80BA30-F8A2-4223-A038-188DBC46F50F}.Debug|Any CPU.ActiveCfg = Debug|Any CPU
		{DA80BA30-F8A2-4223-A038-188DBC46F50F}.Debug|Any CPU.Build.0 = Debug|Any CPU
		{DA80BA30-F8A2-4223-A038-188DBC46F50F}.Release|Any CPU.ActiveCfg = Release|Any CPU
		{DA80BA30-F8A2-4223-A038-188DBC46F50F}.Release|Any CPU.Build.0 = Release|Any CPU
		{65B2E162-BF9E-44CE-AFBF-F322EFB21D20}.Debug|Any CPU.ActiveCfg = Debug|Any CPU
		{65B2E162-BF9E-44CE-AFBF-F322EFB21D20}.Debug|Any CPU.Build.0 = Debug|Any CPU
		{65B2E162-BF9E-44CE-AFBF-F322EFB21D20}.Release|Any CPU.ActiveCfg = Release|Any CPU
		{65B2E162-BF9E-44CE-AFBF-F322EFB21D20}.Release|Any CPU.Build.0 = Release|Any CPU
		{2FEC448D-C22F-44DA-95A7-C11B354F0613}.Debug|Any CPU.ActiveCfg = Debug|Any CPU
		{2FEC448D-C22F-44DA-95A7-C11B354F0613}.Debug|Any CPU.Build.0 = Debug|Any CPU
		{2FEC448D-C22F-44DA-95A7-C11B354F0613}.Release|Any CPU.ActiveCfg = Release|Any CPU
		{2FEC448D-C22F-44DA-95A7-C11B354F0613}.Release|Any CPU.Build.0 = Release|Any CPU
		{F5E79175-9066-4DD8-BAA8-1F34BD376CF9}.Debug|Any CPU.ActiveCfg = Debug|Any CPU
		{F5E79175-9066-4DD8-BAA8-1F34BD376CF9}.Debug|Any CPU.Build.0 = Debug|Any CPU
		{F5E79175-9066-4DD8-BAA8-1F34BD376CF9}.Release|Any CPU.ActiveCfg = Release|Any CPU
		{F5E79175-9066-4DD8-BAA8-1F34BD376CF9}.Release|Any CPU.Build.0 = Release|Any CPU
	EndGlobalSection
	GlobalSection(SolutionProperties) = preSolution
		HideSolutionNode = FALSE
	EndGlobalSection
	GlobalSection(NestedProjects) = preSolution
		{3985D93C-6618-4085-86AF-9FC2AA55783B} = {84AF06C3-3DF0-4EF8-BD76-014677FF6B6E}
		{65AE0DBD-4A1C-4F3D-A475-196C86A26BA3} = {07346CBC-CDF8-4B36-9ABA-C5A67BC3DC88}
		{B75584C0-58C0-4165-8DAC-9244DB5CDB14} = {07346CBC-CDF8-4B36-9ABA-C5A67BC3DC88}
		{DA80BA30-F8A2-4223-A038-188DBC46F50F} = {3DB3537A-C212-434D-83C2-E7ECAA11D541}
		{65B2E162-BF9E-44CE-AFBF-F322EFB21D20} = {3DB3537A-C212-434D-83C2-E7ECAA11D541}
		{2FEC448D-C22F-44DA-95A7-C11B354F0613} = {E3F27296-5916-4B36-9183-A76E5A6378C4}
		{F5E79175-9066-4DD8-BAA8-1F34BD376CF9} = {E3F27296-5916-4B36-9183-A76E5A6378C4}
	EndGlobalSection
	GlobalSection(ExtensibilityGlobals) = postSolution
		SolutionGuid = {774A0D52-61E9-4705-B1E9-8E7C48A3302E}
	EndGlobalSection
EndGlobal
