
Microsoft Visual Studio Solution File, Format Version 12.00
# Visual Studio Version 17
VisualStudioVersion = 17.3.32901.215
MinimumVisualStudioVersion = 10.0.40219.1
Project("{2150E333-8FDC-42A3-9474-1A3956D46DE8}") = "11-1 TestDriven Dev", "11-1 TestDriven Dev", "{B3509810-B08A-4E01-A705-92F313A4FFBA}"
EndProject
Project("{9A19103F-16F7-4668-BE54-9A1E7A4F7556}") = "11-1 Entidades", "11-1 Entidades\11-1 Entidades.csproj", "{7B2519B9-4EAB-484A-9F27-8BCFA6EFBB2F}"
EndProject
Project("{9A19103F-16F7-4668-BE54-9A1E7A4F7556}") = "11-1 Testeos", "Testeos\11-1 Testeos.csproj", "{D9BDFE69-7027-4924-908D-E0EF0246B8D2}"
EndProject
Project("{2150E333-8FDC-42A3-9474-1A3956D46DE8}") = "11-2 Centralita-4", "11-2 Centralita-4", "{43583EAE-45C1-46B7-9FDC-A14060D49315}"
EndProject
Project("{9A19103F-16F7-4668-BE54-9A1E7A4F7556}") = "11-2 Entidades", "11-2 Entidades\11-2 Entidades.csproj", "{42EE386A-2F13-4A64-AA9C-36F65541A6B5}"
EndProject
Project("{9A19103F-16F7-4668-BE54-9A1E7A4F7556}") = "11-2 PruebaConsola", "11-2 PruebaConsola\11-2 PruebaConsola.csproj", "{C3057491-9E95-453A-AD18-5105A96C32C7}"
EndProject
Project("{9A19103F-16F7-4668-BE54-9A1E7A4F7556}") = "11-2 PruebaForms", "11-2 PruebaForms\11-2 PruebaForms.csproj", "{8D4C6B85-302E-411F-BDEF-5208F36259CA}"
EndProject
Project("{9A19103F-16F7-4668-BE54-9A1E7A4F7556}") = "11-2 Testing", "11-2 Testing\11-2 Testing.csproj", "{472021BB-99BF-4289-9BD5-6CE2C9199F02}"
EndProject
Project("{2150E333-8FDC-42A3-9474-1A3956D46DE8}") = "11-3 Lanzar y Atrapar", "11-3 Lanzar y Atrapar", "{886ABBEA-EC88-4C18-BFB1-C45CBB3570E1}"
EndProject
Project("{9A19103F-16F7-4668-BE54-9A1E7A4F7556}") = "11-3 Entidades", "11-3 Entidades\11-3 Entidades.csproj", "{BC4A5300-DB44-4599-B3BD-2A0FFFFC8298}"
EndProject
Project("{9A19103F-16F7-4668-BE54-9A1E7A4F7556}") = "11-3 PruebaConsola", "11-3 PruebaConsola\11-3 PruebaConsola.csproj", "{0E624A24-0F69-45E2-B35A-589F3D941172}"
EndProject
Project("{9A19103F-16F7-4668-BE54-9A1E7A4F7556}") = "11-3 LanzarTesting", "11-3 LanzarTesting\11-3 LanzarTesting.csproj", "{DA2BEF25-23A2-4359-848A-E92E071063BB}"
EndProject
Project("{2150E333-8FDC-42A3-9474-1A3956D46DE8}") = "11-4 ParadaBoxes", "11-4 ParadaBoxes", "{4EB7A5D7-E5DA-42AA-BE65-83A14E0DA796}"
EndProject
Project("{FAE04EC0-301F-11D3-BF4B-00C04F79EFBC}") = "11-4 Entidades", "11-4 Entidades\11-4 Entidades.csproj", "{2FB3F469-67B6-42D8-924B-6AE42846E656}"
EndProject
Project("{FAE04EC0-301F-11D3-BF4B-00C04F79EFBC}") = "11-4 Testeo-ParadaBoxes", "11-4 Testeo-ParadaBoxes\11-4 Testeo-ParadaBoxes.csproj", "{45108109-0782-481F-AFF1-A2889734A1B5}"
EndProject
Global
	GlobalSection(SolutionConfigurationPlatforms) = preSolution
		Debug|Any CPU = Debug|Any CPU
		Release|Any CPU = Release|Any CPU
	EndGlobalSection
	GlobalSection(ProjectConfigurationPlatforms) = postSolution
		{7B2519B9-4EAB-484A-9F27-8BCFA6EFBB2F}.Debug|Any CPU.ActiveCfg = Debug|Any CPU
		{7B2519B9-4EAB-484A-9F27-8BCFA6EFBB2F}.Debug|Any CPU.Build.0 = Debug|Any CPU
		{7B2519B9-4EAB-484A-9F27-8BCFA6EFBB2F}.Release|Any CPU.ActiveCfg = Release|Any CPU
		{7B2519B9-4EAB-484A-9F27-8BCFA6EFBB2F}.Release|Any CPU.Build.0 = Release|Any CPU
		{D9BDFE69-7027-4924-908D-E0EF0246B8D2}.Debug|Any CPU.ActiveCfg = Debug|Any CPU
		{D9BDFE69-7027-4924-908D-E0EF0246B8D2}.Debug|Any CPU.Build.0 = Debug|Any CPU
		{D9BDFE69-7027-4924-908D-E0EF0246B8D2}.Release|Any CPU.ActiveCfg = Release|Any CPU
		{D9BDFE69-7027-4924-908D-E0EF0246B8D2}.Release|Any CPU.Build.0 = Release|Any CPU
		{42EE386A-2F13-4A64-AA9C-36F65541A6B5}.Debug|Any CPU.ActiveCfg = Debug|Any CPU
		{42EE386A-2F13-4A64-AA9C-36F65541A6B5}.Debug|Any CPU.Build.0 = Debug|Any CPU
		{42EE386A-2F13-4A64-AA9C-36F65541A6B5}.Release|Any CPU.ActiveCfg = Release|Any CPU
		{42EE386A-2F13-4A64-AA9C-36F65541A6B5}.Release|Any CPU.Build.0 = Release|Any CPU
		{C3057491-9E95-453A-AD18-5105A96C32C7}.Debug|Any CPU.ActiveCfg = Debug|Any CPU
		{C3057491-9E95-453A-AD18-5105A96C32C7}.Debug|Any CPU.Build.0 = Debug|Any CPU
		{C3057491-9E95-453A-AD18-5105A96C32C7}.Release|Any CPU.ActiveCfg = Release|Any CPU
		{C3057491-9E95-453A-AD18-5105A96C32C7}.Release|Any CPU.Build.0 = Release|Any CPU
		{8D4C6B85-302E-411F-BDEF-5208F36259CA}.Debug|Any CPU.ActiveCfg = Debug|Any CPU
		{8D4C6B85-302E-411F-BDEF-5208F36259CA}.Debug|Any CPU.Build.0 = Debug|Any CPU
		{8D4C6B85-302E-411F-BDEF-5208F36259CA}.Release|Any CPU.ActiveCfg = Release|Any CPU
		{8D4C6B85-302E-411F-BDEF-5208F36259CA}.Release|Any CPU.Build.0 = Release|Any CPU
		{472021BB-99BF-4289-9BD5-6CE2C9199F02}.Debug|Any CPU.ActiveCfg = Debug|Any CPU
		{472021BB-99BF-4289-9BD5-6CE2C9199F02}.Debug|Any CPU.Build.0 = Debug|Any CPU
		{472021BB-99BF-4289-9BD5-6CE2C9199F02}.Release|Any CPU.ActiveCfg = Release|Any CPU
		{472021BB-99BF-4289-9BD5-6CE2C9199F02}.Release|Any CPU.Build.0 = Release|Any CPU
		{BC4A5300-DB44-4599-B3BD-2A0FFFFC8298}.Debug|Any CPU.ActiveCfg = Debug|Any CPU
		{BC4A5300-DB44-4599-B3BD-2A0FFFFC8298}.Debug|Any CPU.Build.0 = Debug|Any CPU
		{BC4A5300-DB44-4599-B3BD-2A0FFFFC8298}.Release|Any CPU.ActiveCfg = Release|Any CPU
		{BC4A5300-DB44-4599-B3BD-2A0FFFFC8298}.Release|Any CPU.Build.0 = Release|Any CPU
		{0E624A24-0F69-45E2-B35A-589F3D941172}.Debug|Any CPU.ActiveCfg = Debug|Any CPU
		{0E624A24-0F69-45E2-B35A-589F3D941172}.Debug|Any CPU.Build.0 = Debug|Any CPU
		{0E624A24-0F69-45E2-B35A-589F3D941172}.Release|Any CPU.ActiveCfg = Release|Any CPU
		{0E624A24-0F69-45E2-B35A-589F3D941172}.Release|Any CPU.Build.0 = Release|Any CPU
		{DA2BEF25-23A2-4359-848A-E92E071063BB}.Debug|Any CPU.ActiveCfg = Debug|Any CPU
		{DA2BEF25-23A2-4359-848A-E92E071063BB}.Debug|Any CPU.Build.0 = Debug|Any CPU
		{DA2BEF25-23A2-4359-848A-E92E071063BB}.Release|Any CPU.ActiveCfg = Release|Any CPU
		{DA2BEF25-23A2-4359-848A-E92E071063BB}.Release|Any CPU.Build.0 = Release|Any CPU
		{2FB3F469-67B6-42D8-924B-6AE42846E656}.Debug|Any CPU.ActiveCfg = Debug|Any CPU
		{2FB3F469-67B6-42D8-924B-6AE42846E656}.Debug|Any CPU.Build.0 = Debug|Any CPU
		{2FB3F469-67B6-42D8-924B-6AE42846E656}.Release|Any CPU.ActiveCfg = Release|Any CPU
		{2FB3F469-67B6-42D8-924B-6AE42846E656}.Release|Any CPU.Build.0 = Release|Any CPU
		{45108109-0782-481F-AFF1-A2889734A1B5}.Debug|Any CPU.ActiveCfg = Debug|Any CPU
		{45108109-0782-481F-AFF1-A2889734A1B5}.Debug|Any CPU.Build.0 = Debug|Any CPU
		{45108109-0782-481F-AFF1-A2889734A1B5}.Release|Any CPU.ActiveCfg = Release|Any CPU
		{45108109-0782-481F-AFF1-A2889734A1B5}.Release|Any CPU.Build.0 = Release|Any CPU
	EndGlobalSection
	GlobalSection(SolutionProperties) = preSolution
		HideSolutionNode = FALSE
	EndGlobalSection
	GlobalSection(NestedProjects) = preSolution
		{7B2519B9-4EAB-484A-9F27-8BCFA6EFBB2F} = {B3509810-B08A-4E01-A705-92F313A4FFBA}
		{D9BDFE69-7027-4924-908D-E0EF0246B8D2} = {B3509810-B08A-4E01-A705-92F313A4FFBA}
		{42EE386A-2F13-4A64-AA9C-36F65541A6B5} = {43583EAE-45C1-46B7-9FDC-A14060D49315}
		{C3057491-9E95-453A-AD18-5105A96C32C7} = {43583EAE-45C1-46B7-9FDC-A14060D49315}
		{8D4C6B85-302E-411F-BDEF-5208F36259CA} = {43583EAE-45C1-46B7-9FDC-A14060D49315}
		{472021BB-99BF-4289-9BD5-6CE2C9199F02} = {43583EAE-45C1-46B7-9FDC-A14060D49315}
		{BC4A5300-DB44-4599-B3BD-2A0FFFFC8298} = {886ABBEA-EC88-4C18-BFB1-C45CBB3570E1}
		{0E624A24-0F69-45E2-B35A-589F3D941172} = {886ABBEA-EC88-4C18-BFB1-C45CBB3570E1}
		{DA2BEF25-23A2-4359-848A-E92E071063BB} = {886ABBEA-EC88-4C18-BFB1-C45CBB3570E1}
		{2FB3F469-67B6-42D8-924B-6AE42846E656} = {4EB7A5D7-E5DA-42AA-BE65-83A14E0DA796}
		{45108109-0782-481F-AFF1-A2889734A1B5} = {4EB7A5D7-E5DA-42AA-BE65-83A14E0DA796}
	EndGlobalSection
	GlobalSection(ExtensibilityGlobals) = postSolution
		SolutionGuid = {3A0CAD35-66B5-4924-A43A-815331247FE0}
	EndGlobalSection
EndGlobal
