
Microsoft Visual Studio Solution File, Format Version 12.00
# Visual Studio Version 17
VisualStudioVersion = 17.2.32505.173
MinimumVisualStudioVersion = 10.0.40219.1
Project("{9A19103F-16F7-4668-BE54-9A1E7A4F7556}") = "4-1 Sumador", "4-1 Sumador\4-1 Sumador.csproj", "{AF47D2BE-86E5-445C-95DD-74D1FFCD6CBA}"
EndProject
Project("{9A19103F-16F7-4668-BE54-9A1E7A4F7556}") = "4-1", "4-1\4-1.csproj", "{CA67D118-577C-42AF-8F92-D8066D755F49}"
EndProject
Project("{2150E333-8FDC-42A3-9474-1A3956D46DE8}") = "4-1 Ejercicio", "4-1 Ejercicio", "{2C465061-E8ED-428A-9C6B-7D8F7EE33F7B}"
EndProject
Project("{2150E333-8FDC-42A3-9474-1A3956D46DE8}") = "4-2 Ejercicio", "4-2 Ejercicio", "{ACA63B00-8A38-4665-ADB9-CD24F4FD7D17}"
EndProject
Project("{9A19103F-16F7-4668-BE54-9A1E7A4F7556}") = "4-2", "4-2\4-2.csproj", "{97FDD709-582D-485D-B190-1C5FF7988D06}"
EndProject
Project("{9A19103F-16F7-4668-BE54-9A1E7A4F7556}") = "4-2 Cotizador", "4-2 Cotizador\4-2 Cotizador.csproj", "{0C7802A2-89C8-40D5-B6C3-1A9C2AD0B737}"
EndProject
Project("{2150E333-8FDC-42A3-9474-1A3956D46DE8}") = "4-3 Ejercicio", "4-3 Ejercicio", "{4078D11B-AD4F-4A41-B36F-DFF77ED13910}"
EndProject
Project("{FAE04EC0-301F-11D3-BF4B-00C04F79EFBC}") = "4-3 Conversor", "4-3 Conversor\4-3 Conversor.csproj", "{76290515-4B4B-4FA1-95E7-F87DE49811CF}"
EndProject
Project("{2150E333-8FDC-42A3-9474-1A3956D46DE8}") = "4-4 Ejercicio", "4-4 Ejercicio", "{9F134C83-905A-4A1F-BB72-B967F93F2878}"
EndProject
Project("{FAE04EC0-301F-11D3-BF4B-00C04F79EFBC}") = "4-4", "4-4\4-4.csproj", "{8E468AB4-DC5B-4859-919D-B8802FD03D7E}"
EndProject
Project("{FAE04EC0-301F-11D3-BF4B-00C04F79EFBC}") = "4-4  Estanteria", "4-4  Estanteria\4-4  Estanteria.csproj", "{D1048BC6-5D7C-4FD7-AD01-82D9EC1726CF}"
EndProject
Global
	GlobalSection(SolutionConfigurationPlatforms) = preSolution
		Debug|Any CPU = Debug|Any CPU
		Release|Any CPU = Release|Any CPU
	EndGlobalSection
	GlobalSection(ProjectConfigurationPlatforms) = postSolution
		{AF47D2BE-86E5-445C-95DD-74D1FFCD6CBA}.Debug|Any CPU.ActiveCfg = Debug|Any CPU
		{AF47D2BE-86E5-445C-95DD-74D1FFCD6CBA}.Debug|Any CPU.Build.0 = Debug|Any CPU
		{AF47D2BE-86E5-445C-95DD-74D1FFCD6CBA}.Release|Any CPU.ActiveCfg = Release|Any CPU
		{AF47D2BE-86E5-445C-95DD-74D1FFCD6CBA}.Release|Any CPU.Build.0 = Release|Any CPU
		{CA67D118-577C-42AF-8F92-D8066D755F49}.Debug|Any CPU.ActiveCfg = Debug|Any CPU
		{CA67D118-577C-42AF-8F92-D8066D755F49}.Debug|Any CPU.Build.0 = Debug|Any CPU
		{CA67D118-577C-42AF-8F92-D8066D755F49}.Release|Any CPU.ActiveCfg = Release|Any CPU
		{CA67D118-577C-42AF-8F92-D8066D755F49}.Release|Any CPU.Build.0 = Release|Any CPU
		{97FDD709-582D-485D-B190-1C5FF7988D06}.Debug|Any CPU.ActiveCfg = Debug|Any CPU
		{97FDD709-582D-485D-B190-1C5FF7988D06}.Debug|Any CPU.Build.0 = Debug|Any CPU
		{97FDD709-582D-485D-B190-1C5FF7988D06}.Release|Any CPU.ActiveCfg = Release|Any CPU
		{97FDD709-582D-485D-B190-1C5FF7988D06}.Release|Any CPU.Build.0 = Release|Any CPU
		{0C7802A2-89C8-40D5-B6C3-1A9C2AD0B737}.Debug|Any CPU.ActiveCfg = Debug|Any CPU
		{0C7802A2-89C8-40D5-B6C3-1A9C2AD0B737}.Debug|Any CPU.Build.0 = Debug|Any CPU
		{0C7802A2-89C8-40D5-B6C3-1A9C2AD0B737}.Release|Any CPU.ActiveCfg = Release|Any CPU
		{0C7802A2-89C8-40D5-B6C3-1A9C2AD0B737}.Release|Any CPU.Build.0 = Release|Any CPU
		{76290515-4B4B-4FA1-95E7-F87DE49811CF}.Debug|Any CPU.ActiveCfg = Debug|Any CPU
		{76290515-4B4B-4FA1-95E7-F87DE49811CF}.Debug|Any CPU.Build.0 = Debug|Any CPU
		{76290515-4B4B-4FA1-95E7-F87DE49811CF}.Release|Any CPU.ActiveCfg = Release|Any CPU
		{76290515-4B4B-4FA1-95E7-F87DE49811CF}.Release|Any CPU.Build.0 = Release|Any CPU
		{8E468AB4-DC5B-4859-919D-B8802FD03D7E}.Debug|Any CPU.ActiveCfg = Debug|Any CPU
		{8E468AB4-DC5B-4859-919D-B8802FD03D7E}.Debug|Any CPU.Build.0 = Debug|Any CPU
		{8E468AB4-DC5B-4859-919D-B8802FD03D7E}.Release|Any CPU.ActiveCfg = Release|Any CPU
		{8E468AB4-DC5B-4859-919D-B8802FD03D7E}.Release|Any CPU.Build.0 = Release|Any CPU
		{D1048BC6-5D7C-4FD7-AD01-82D9EC1726CF}.Debug|Any CPU.ActiveCfg = Debug|Any CPU
		{D1048BC6-5D7C-4FD7-AD01-82D9EC1726CF}.Debug|Any CPU.Build.0 = Debug|Any CPU
		{D1048BC6-5D7C-4FD7-AD01-82D9EC1726CF}.Release|Any CPU.ActiveCfg = Release|Any CPU
		{D1048BC6-5D7C-4FD7-AD01-82D9EC1726CF}.Release|Any CPU.Build.0 = Release|Any CPU
	EndGlobalSection
	GlobalSection(SolutionProperties) = preSolution
		HideSolutionNode = FALSE
	EndGlobalSection
	GlobalSection(NestedProjects) = preSolution
		{AF47D2BE-86E5-445C-95DD-74D1FFCD6CBA} = {2C465061-E8ED-428A-9C6B-7D8F7EE33F7B}
		{CA67D118-577C-42AF-8F92-D8066D755F49} = {2C465061-E8ED-428A-9C6B-7D8F7EE33F7B}
		{97FDD709-582D-485D-B190-1C5FF7988D06} = {ACA63B00-8A38-4665-ADB9-CD24F4FD7D17}
		{0C7802A2-89C8-40D5-B6C3-1A9C2AD0B737} = {ACA63B00-8A38-4665-ADB9-CD24F4FD7D17}
		{76290515-4B4B-4FA1-95E7-F87DE49811CF} = {4078D11B-AD4F-4A41-B36F-DFF77ED13910}
		{8E468AB4-DC5B-4859-919D-B8802FD03D7E} = {9F134C83-905A-4A1F-BB72-B967F93F2878}
		{D1048BC6-5D7C-4FD7-AD01-82D9EC1726CF} = {9F134C83-905A-4A1F-BB72-B967F93F2878}
	EndGlobalSection
	GlobalSection(ExtensibilityGlobals) = postSolution
		SolutionGuid = {FA9E62CE-7394-4231-95A7-67D24DE9FA14}
	EndGlobalSection
EndGlobal
